
Microsoft Visual Studio Solution File, Format Version 12.00
# Visual Studio Version 16
VisualStudioVersion = 25.0.1700.0
MinimumVisualStudioVersion = 10.0.40219.1
Project("{FAE04EC0-301F-11D3-BF4B-00C04F79EFBC}") = "sustainable-api-architecture", "sustainable-api-architecture\sustainable-api-architecture.csproj", "{93CD37FF-F724-4C22-BADA-6435A58BF799}"
EndProject
Global
	GlobalSection(SolutionConfigurationPlatforms) = preSolution
		Debug|Any CPU = Debug|Any CPU
		Release|Any CPU = Release|Any CPU
	EndGlobalSection
	GlobalSection(ProjectConfigurationPlatforms) = postSolution
		{93CD37FF-F724-4C22-BADA-6435A58BF799}.Debug|Any CPU.ActiveCfg = Debug|Any CPU
		{93CD37FF-F724-4C22-BADA-6435A58BF799}.Debug|Any CPU.Build.0 = Debug|Any CPU
		{93CD37FF-F724-4C22-BADA-6435A58BF799}.Release|Any CPU.ActiveCfg = Release|Any CPU
		{93CD37FF-F724-4C22-BADA-6435A58BF799}.Release|Any CPU.Build.0 = Release|Any CPU
	EndGlobalSection
	GlobalSection(SolutionProperties) = preSolution
		HideSolutionNode = FALSE
	EndGlobalSection
	GlobalSection(ExtensibilityGlobals) = postSolution
		SolutionGuid = {4E0A79CB-07C7-40D5-B552-60D15059A770}
	EndGlobalSection
EndGlobal
